
Microsoft Visual Studio Solution File, Format Version 12.00
# Visual Studio Version 16
VisualStudioVersion = 16.0.30114.105
MinimumVisualStudioVersion = 10.0.40219.1
Project("{FAE04EC0-301F-11D3-BF4B-00C04F79EFBC}") = "ShareGate.Infra.Mongo", "ShareGate.Infra.Mongo\ShareGate.Infra.Mongo.csproj", "{A14E288C-5BF2-474A-A214-7A620A776AE7}"
EndProject
Project("{FAE04EC0-301F-11D3-BF4B-00C04F79EFBC}") = "ShareGate.Infra.Mongo.Tests", "ShareGate.Infra.Mongo.Tests\ShareGate.Infra.Mongo.Tests.csproj", "{639EC4EA-499F-4936-8864-F07B6293BE1D}"
EndProject
Project("{2150E333-8FDC-42A3-9474-1A3956D46DE8}") = "files", "files", "{E16B8921-E8EC-4439-9E89-E7136187EA8E}"
	ProjectSection(SolutionItems) = preProject
		.editorconfig = .editorconfig
		Directory.Build.props = Directory.Build.props
		..\README.md = ..\README.md
	EndProjectSection
EndProject
Project("{FAE04EC0-301F-11D3-BF4B-00C04F79EFBC}") = "ShareGate.Infra.Mongo.Abstractions", "ShareGate.Infra.Mongo.Abstractions\ShareGate.Infra.Mongo.Abstractions.csproj", "{9F410354-6AEC-4A46-84B4-214076363660}"
EndProject
Global
	GlobalSection(SolutionConfigurationPlatforms) = preSolution
		Debug|Any CPU = Debug|Any CPU
		Release|Any CPU = Release|Any CPU
	EndGlobalSection
	GlobalSection(SolutionProperties) = preSolution
		HideSolutionNode = FALSE
	EndGlobalSection
	GlobalSection(ProjectConfigurationPlatforms) = postSolution
		{A14E288C-5BF2-474A-A214-7A620A776AE7}.Debug|Any CPU.ActiveCfg = Debug|Any CPU
		{A14E288C-5BF2-474A-A214-7A620A776AE7}.Debug|Any CPU.Build.0 = Debug|Any CPU
		{A14E288C-5BF2-474A-A214-7A620A776AE7}.Release|Any CPU.ActiveCfg = Release|Any CPU
		{A14E288C-5BF2-474A-A214-7A620A776AE7}.Release|Any CPU.Build.0 = Release|Any CPU
		{639EC4EA-499F-4936-8864-F07B6293BE1D}.Debug|Any CPU.ActiveCfg = Debug|Any CPU
		{639EC4EA-499F-4936-8864-F07B6293BE1D}.Debug|Any CPU.Build.0 = Debug|Any CPU
		{639EC4EA-499F-4936-8864-F07B6293BE1D}.Release|Any CPU.ActiveCfg = Release|Any CPU
		{639EC4EA-499F-4936-8864-F07B6293BE1D}.Release|Any CPU.Build.0 = Release|Any CPU
		{9F410354-6AEC-4A46-84B4-214076363660}.Debug|Any CPU.ActiveCfg = Debug|Any CPU
		{9F410354-6AEC-4A46-84B4-214076363660}.Debug|Any CPU.Build.0 = Debug|Any CPU
		{9F410354-6AEC-4A46-84B4-214076363660}.Release|Any CPU.ActiveCfg = Release|Any CPU
		{9F410354-6AEC-4A46-84B4-214076363660}.Release|Any CPU.Build.0 = Release|Any CPU
	EndGlobalSection
EndGlobal
